
Microsoft Visual Studio Solution File, Format Version 12.00
# Visual Studio Version 16
VisualStudioVersion = 16.0.31702.278
MinimumVisualStudioVersion = 10.0.40219.1
Project("{FAE04EC0-301F-11D3-BF4B-00C04F79EFBC}") = "BubbleVisual", "BubbleVisual\BubbleVisual.csproj", "{1BEA8347-F8B1-4878-869D-A33AA08FB0B3}"
EndProject
Global
	GlobalSection(SolutionConfigurationPlatforms) = preSolution
		Debug|Any CPU = Debug|Any CPU
		Release|Any CPU = Release|Any CPU
	EndGlobalSection
	GlobalSection(ProjectConfigurationPlatforms) = postSolution
		{1BEA8347-F8B1-4878-869D-A33AA08FB0B3}.Debug|Any CPU.ActiveCfg = Debug|Any CPU
		{1BEA8347-F8B1-4878-869D-A33AA08FB0B3}.Debug|Any CPU.Build.0 = Debug|Any CPU
		{1BEA8347-F8B1-4878-869D-A33AA08FB0B3}.Release|Any CPU.ActiveCfg = Release|Any CPU
		{1BEA8347-F8B1-4878-869D-A33AA08FB0B3}.Release|Any CPU.Build.0 = Release|Any CPU
	EndGlobalSection
	GlobalSection(SolutionProperties) = preSolution
		HideSolutionNode = FALSE
	EndGlobalSection
	GlobalSection(ExtensibilityGlobals) = postSolution
		SolutionGuid = {853ABF0E-E686-405E-A70B-1CECFD0BA28B}
	EndGlobalSection
EndGlobal
